// !$*UTF8*$!
{
	archiveVersion = 1;
	classes = {
	};
	objectVersion = 56;
	objects = {

/* Begin PBXBuildFile section */
		13382AA82AE7ABAE0033803F /* ViewCOn.swift in Sources */ = {isa = PBXBuildFile; fileRef = 13382AA72AE7ABAE0033803F /* ViewCOn.swift */; };
		134AB3DB2AE6F2D7009DF7A8 /* UILabelCollectionViewCell.swift in Sources */ = {isa = PBXBuildFile; fileRef = 134AB3DA2AE6F2D7009DF7A8 /* UILabelCollectionViewCell.swift */; };
		138365142AE2F4D200C5CE8C /* AppDelegate.swift in Sources */ = {isa = PBXBuildFile; fileRef = 138365132AE2F4D200C5CE8C /* AppDelegate.swift */; };
		138365162AE2F4D200C5CE8C /* SceneDelegate.swift in Sources */ = {isa = PBXBuildFile; fileRef = 138365152AE2F4D200C5CE8C /* SceneDelegate.swift */; };
		138365182AE2F4D200C5CE8C /* ViewController.swift in Sources */ = {isa = PBXBuildFile; fileRef = 138365172AE2F4D200C5CE8C /* ViewController.swift */; };
		1383651D2AE2F4D200C5CE8C /* Assets.xcassets in Resources */ = {isa = PBXBuildFile; fileRef = 1383651C2AE2F4D200C5CE8C /* Assets.xcassets */; };
		138365202AE2F4D200C5CE8C /* LaunchScreen.storyboard in Resources */ = {isa = PBXBuildFile; fileRef = 1383651E2AE2F4D200C5CE8C /* LaunchScreen.storyboard */; };
		138365292AE2F59300C5CE8C /* ImageSlider.swift in Sources */ = {isa = PBXBuildFile; fileRef = 138365282AE2F59300C5CE8C /* ImageSlider.swift */; };
/* End PBXBuildFile section */

/* Begin PBXFileReference section */
		13382AA72AE7ABAE0033803F /* ViewCOn.swift */ = {isa = PBXFileReference; lastKnownFileType = sourcecode.swift; path = ViewCOn.swift; sourceTree = "<group>"; };
		134AB3DA2AE6F2D7009DF7A8 /* UILabelCollectionViewCell.swift */ = {isa = PBXFileReference; lastKnownFileType = sourcecode.swift; path = UILabelCollectionViewCell.swift; sourceTree = "<group>"; };
		138365102AE2F4D200C5CE8C /* iOSTeckTalk.app */ = {isa = PBXFileReference; explicitFileType = wrapper.application; includeInIndex = 0; path = iOSTeckTalk.app; sourceTree = BUILT_PRODUCTS_DIR; };
		138365132AE2F4D200C5CE8C /* AppDelegate.swift */ = {isa = PBXFileReference; lastKnownFileType = sourcecode.swift; path = AppDelegate.swift; sourceTree = "<group>"; };
		138365152AE2F4D200C5CE8C /* SceneDelegate.swift */ = {isa = PBXFileReference; lastKnownFileType = sourcecode.swift; path = SceneDelegate.swift; sourceTree = "<group>"; };
		138365172AE2F4D200C5CE8C /* ViewController.swift */ = {isa = PBXFileReference; lastKnownFileType = sourcecode.swift; path = ViewController.swift; sourceTree = "<group>"; };
		1383651C2AE2F4D200C5CE8C /* Assets.xcassets */ = {isa = PBXFileReference; lastKnownFileType = folder.assetcatalog; path = Assets.xcassets; sourceTree = "<group>"; };
		1383651F2AE2F4D200C5CE8C /* Base */ = {isa = PBXFileReference; lastKnownFileType = file.storyboard; name = Base; path = Base.lproj/LaunchScreen.storyboard; sourceTree = "<group>"; };
		138365212AE2F4D200C5CE8C /* Info.plist */ = {isa = PBXFileReference; lastKnownFileType = text.plist.xml; path = Info.plist; sourceTree = "<group>"; };
		138365282AE2F59300C5CE8C /* ImageSlider.swift */ = {isa = PBXFileReference; lastKnownFileType = sourcecode.swift; path = ImageSlider.swift; sourceTree = "<group>"; };
/* End PBXFileReference section */

/* Begin PBXFrameworksBuildPhase section */
		1383650D2AE2F4D200C5CE8C /* Frameworks */ = {
			isa = PBXFrameworksBuildPhase;
			buildActionMask = 2147483647;
			files = (
			);
			runOnlyForDeploymentPostprocessing = 0;
		};
/* End PBXFrameworksBuildPhase section */

/* Begin PBXGroup section */
		138365072AE2F4D200C5CE8C = {
			isa = PBXGroup;
			children = (
				138365122AE2F4D200C5CE8C /* iOSTeckTalk */,
				138365112AE2F4D200C5CE8C /* Products */,
			);
			sourceTree = "<group>";
		};
		138365112AE2F4D200C5CE8C /* Products */ = {
			isa = PBXGroup;
			children = (
				138365102AE2F4D200C5CE8C /* iOSTeckTalk.app */,
			);
			name = Products;
			sourceTree = "<group>";
		};
		138365122AE2F4D200C5CE8C /* iOSTeckTalk */ = {
			isa = PBXGroup;
			children = (
				138365272AE2F57D00C5CE8C /* View */,
				138365132AE2F4D200C5CE8C /* AppDelegate.swift */,
				138365152AE2F4D200C5CE8C /* SceneDelegate.swift */,
				138365172AE2F4D200C5CE8C /* ViewController.swift */,
				1383651C2AE2F4D200C5CE8C /* Assets.xcassets */,
				1383651E2AE2F4D200C5CE8C /* LaunchScreen.storyboard */,
				138365212AE2F4D200C5CE8C /* Info.plist */,
				134AB3DA2AE6F2D7009DF7A8 /* UILabelCollectionViewCell.swift */,
				13382AA72AE7ABAE0033803F /* ViewCOn.swift */,
			);
			path = iOSTeckTalk;
			sourceTree = "<group>";
		};
		138365272AE2F57D00C5CE8C /* View */ = {
			isa = PBXGroup;
			children = (
				138365282AE2F59300C5CE8C /* ImageSlider.swift */,
			);
			path = View;
			sourceTree = "<group>";
		};
/* End PBXGroup section */

/* Begin PBXNativeTarget section */
		1383650F2AE2F4D200C5CE8C /* iOSTeckTalk */ = {
			isa = PBXNativeTarget;
			buildConfigurationList = 138365242AE2F4D200C5CE8C /* Build configuration list for PBXNativeTarget "iOSTeckTalk" */;
			buildPhases = (
				1383650C2AE2F4D200C5CE8C /* Sources */,
				1383650D2AE2F4D200C5CE8C /* Frameworks */,
				1383650E2AE2F4D200C5CE8C /* Resources */,
			);
			buildRules = (
			);
			dependencies = (
			);
			name = iOSTeckTalk;
			productName = iOSTeckTalk;
			productReference = 138365102AE2F4D200C5CE8C /* iOSTeckTalk.app */;
			productType = "com.apple.product-type.application";
		};
/* End PBXNativeTarget section */

/* Begin PBXProject section */
		138365082AE2F4D200C5CE8C /* Project object */ = {
			isa = PBXProject;
			attributes = {
				BuildIndependentTargetsInParallel = 1;
				LastSwiftUpdateCheck = 1500;
				LastUpgradeCheck = 1500;
				TargetAttributes = {
					1383650F2AE2F4D200C5CE8C = {
						CreatedOnToolsVersion = 15.0;
					};
				};
			};
			buildConfigurationList = 1383650B2AE2F4D200C5CE8C /* Build configuration list for PBXProject "iOSTeckTalk" */;
			compatibilityVersion = "Xcode 14.0";
			developmentRegion = en;
			hasScannedForEncodings = 0;
			knownRegions = (
				en,
				Base,
			);
			mainGroup = 138365072AE2F4D200C5CE8C;
			productRefGroup = 138365112AE2F4D200C5CE8C /* Products */;
			projectDirPath = "";
			projectRoot = "";
			targets = (
				1383650F2AE2F4D200C5CE8C /* iOSTeckTalk */,
			);
		};
/* End PBXProject section */

/* Begin PBXResourcesBuildPhase section */
		1383650E2AE2F4D200C5CE8C /* Resources */ = {
			isa = PBXResourcesBuildPhase;
			buildActionMask = 2147483647;
			files = (
				138365202AE2F4D200C5CE8C /* LaunchScreen.storyboard in Resources */,
				1383651D2AE2F4D200C5CE8C /* Assets.xcassets in Resources */,
			);
			runOnlyForDeploymentPostprocessing = 0;
		};
/* End PBXResourcesBuildPhase section */

/* Begin PBXSourcesBuildPhase section */
		1383650C2AE2F4D200C5CE8C /* Sources */ = {
			isa = PBXSourcesBuildPhase;
			buildActionMask = 2147483647;
			files = (
				134AB3DB2AE6F2D7009DF7A8 /* UILabelCollectionViewCell.swift in Sources */,
				138365182AE2F4D200C5CE8C /* ViewController.swift in Sources */,
				138365142AE2F4D200C5CE8C /* AppDelegate.swift in Sources */,
				138365162AE2F4D200C5CE8C /* SceneDelegate.swift in Sources */,
				138365292AE2F59300C5CE8C /* ImageSlider.swift in Sources */,
				13382AA82AE7ABAE0033803F /* ViewCOn.swift in Sources */,
			);
			runOnlyForDeploymentPostprocessing = 0;
		};
/* End PBXSourcesBuildPhase section */

/* Begin PBXVariantGroup section */
		1383651E2AE2F4D200C5CE8C /* LaunchScreen.storyboard */ = {
			isa = PBXVariantGroup;
			children = (
				1383651F2AE2F4D200C5CE8C /* Base */,
			);
			name = LaunchScreen.storyboard;
			sourceTree = "<group>";
		};
/* End PBXVariantGroup section */

/* Begin XCBuildConfiguration section */
		138365222AE2F4D200C5CE8C /* Debug */ = {
			isa = XCBuildConfiguration;
			buildSettings = {
				ALWAYS_SEARCH_USER_PATHS = NO;
				ASSETCATALOG_COMPILER_GENERATE_SWIFT_ASSET_SYMBOL_EXTENSIONS = YES;
				CLANG_ANALYZER_NONNULL = YES;
				CLANG_ANALYZER_NUMBER_OBJECT_CONVERSION = YES_AGGRESSIVE;
				CLANG_CXX_LANGUAGE_STANDARD = "gnu++20";
				CLANG_ENABLE_MODULES = YES;
				CLANG_ENABLE_OBJC_ARC = YES;
				CLANG_ENABLE_OBJC_WEAK = YES;
				CLANG_WARN_BLOCK_CAPTURE_AUTORELEASING = YES;
				CLANG_WARN_BOOL_CONVERSION = YES;
				CLANG_WARN_COMMA = YES;
				CLANG_WARN_CONSTANT_CONVERSION = YES;
				CLANG_WARN_DEPRECATED_OBJC_IMPLEMENTATIONS = YES;
				CLANG_WARN_DIRECT_OBJC_ISA_USAGE = YES_ERROR;
				CLANG_WARN_DOCUMENTATION_COMMENTS = YES;
				CLANG_WARN_EMPTY_BODY = YES;
				CLANG_WARN_ENUM_CONVERSION = YES;
				CLANG_WARN_INFINITE_RECURSION = YES;
				CLANG_WARN_INT_CONVERSION = YES;
				CLANG_WARN_NON_LITERAL_NULL_CONVERSION = YES;
				CLANG_WARN_OBJC_IMPLICIT_RETAIN_SELF = YES;
				CLANG_WARN_OBJC_LITERAL_CONVERSION = YES;
				CLANG_WARN_OBJC_ROOT_CLASS = YES_ERROR;
				CLANG_WARN_QUOTED_INCLUDE_IN_FRAMEWORK_HEADER = YES;
				CLANG_WARN_RANGE_LOOP_ANALYSIS = YES;
				CLANG_WARN_STRICT_PROTOTYPES = YES;
				CLANG_WARN_SUSPICIOUS_MOVE = YES;
				CLANG_WARN_UNGUARDED_AVAILABILITY = YES_AGGRESSIVE;
				CLANG_WARN_UNREACHABLE_CODE = YES;
				CLANG_WARN__DUPLICATE_METHOD_MATCH = YES;
				COPY_PHASE_STRIP = NO;
				DEBUG_INFORMATION_FORMAT = dwarf;
				ENABLE_STRICT_OBJC_MSGSEND = YES;
				ENABLE_TESTABILITY = YES;
				ENABLE_USER_SCRIPT_SANDBOXING = YES;
				GCC_C_LANGUAGE_STANDARD = gnu17;
				GCC_DYNAMIC_NO_PIC = NO;
				GCC_NO_COMMON_BLOCKS = YES;
				GCC_OPTIMIZATION_LEVEL = 0;
				GCC_PREPROCESSOR_DEFINITIONS = (
					"DEBUG=1",
					"$(inherited)",
				);
				GCC_WARN_64_TO_32_BIT_CONVERSION = YES;
				GCC_WARN_ABOUT_RETURN_TYPE = YES_ERROR;
				GCC_WARN_UNDECLARED_SELECTOR = YES;
				GCC_WARN_UNINITIALIZED_AUTOS = YES_AGGRESSIVE;
				GCC_WARN_UNUSED_FUNCTION = YES;
				GCC_WARN_UNUSED_VARIABLE = YES;
				IPHONEOS_DEPLOYMENT_TARGET = 17.0;
				LOCALIZATION_PREFERS_STRING_CATALOGS = YES;
				MTL_ENABLE_DEBUG_INFO = INCLUDE_SOURCE;
				MTL_FAST_MATH = YES;
				ONLY_ACTIVE_ARCH = YES;
				SDKROOT = iphoneos;
				SWIFT_ACTIVE_COMPILATION_CONDITIONS = "DEBUG $(inherited)";
				SWIFT_OPTIMIZATION_LEVEL = "-Onone";
			};
			name = Debug;
		};
		138365232AE2F4D200C5CE8C /* Release */ = {
			isa = XCBuildConfiguration;
			buildSettings = {
				ALWAYS_SEARCH_USER_PATHS = NO;
				ASSETCATALOG_COMPILER_GENERATE_SWIFT_ASSET_SYMBOL_EXTENSIONS = YES;
				CLANG_ANALYZER_NONNULL = YES;
				CLANG_ANALYZER_NUMBER_OBJECT_CONVERSION = YES_AGGRESSIVE;
				CLANG_CXX_LANGUAGE_STANDARD = "gnu++20";
				CLANG_ENABLE_MODULES = YES;
				CLANG_ENABLE_OBJC_ARC = YES;
				CLANG_ENABLE_OBJC_WEAK = YES;
				CLANG_WARN_BLOCK_CAPTURE_AUTORELEASING = YES;
				CLANG_WARN_BOOL_CONVERSION = YES;
				CLANG_WARN_COMMA = YES;
				CLANG_WARN_CONSTANT_CONVERSION = YES;
				CLANG_WARN_DEPRECATED_OBJC_IMPLEMENTATIONS = YES;
				CLANG_WARN_DIRECT_OBJC_ISA_USAGE = YES_ERROR;
				CLANG_WARN_DOCUMENTATION_COMMENTS = YES;
				CLANG_WARN_EMPTY_BODY = YES;
				CLANG_WARN_ENUM_CONVERSION = YES;
				CLANG_WARN_INFINITE_RECURSION = YES;
				CLANG_WARN_INT_CONVERSION = YES;
				CLANG_WARN_NON_LITERAL_NULL_CONVERSION = YES;
				CLANG_WARN_OBJC_IMPLICIT_RETAIN_SELF = YES;
				CLANG_WARN_OBJC_LITERAL_CONVERSION = YES;
				CLANG_WARN_OBJC_ROOT_CLASS = YES_ERROR;
				CLANG_WARN_QUOTED_INCLUDE_IN_FRAMEWORK_HEADER = YES;
				CLANG_WARN_RANGE_LOOP_ANALYSIS = YES;
				CLANG_WARN_STRICT_PROTOTYPES = YES;
				CLANG_WARN_SUSPICIOUS_MOVE = YES;
				CLANG_WARN_UNGUARDED_AVAILABILITY = YES_AGGRESSIVE;
				CLANG_WARN_UNREACHABLE_CODE = YES;
				CLANG_WARN__DUPLICATE_METHOD_MATCH = YES;
				COPY_PHASE_STRIP = NO;
				DEBUG_INFORMATION_FORMAT = "dwarf-with-dsym";
				ENABLE_NS_ASSERTIONS = NO;
				ENABLE_STRICT_OBJC_MSGSEND = YES;
				ENABLE_USER_SCRIPT_SANDBOXING = YES;
				GCC_C_LANGUAGE_STANDARD = gnu17;
				GCC_NO_COMMON_BLOCKS = YES;
				GCC_WARN_64_TO_32_BIT_CONVERSION = YES;
				GCC_WARN_ABOUT_RETURN_TYPE = YES_ERROR;
				GCC_WARN_UNDECLARED_SELECTOR = YES;
				GCC_WARN_UNINITIALIZED_AUTOS = YES_AGGRESSIVE;
				GCC_WARN_UNUSED_FUNCTION = YES;
				GCC_WARN_UNUSED_VARIABLE = YES;
				IPHONEOS_DEPLOYMENT_TARGET = 17.0;
				LOCALIZATION_PREFERS_STRING_CATALOGS = YES;
				MTL_ENABLE_DEBUG_INFO = NO;
				MTL_FAST_MATH = YES;
				SDKROOT = iphoneos;
				SWIFT_COMPILATION_MODE = wholemodule;
				VALIDATE_PRODUCT = YES;
			};
			name = Release;
		};
		138365252AE2F4D200C5CE8C /* Debug */ = {
			isa = XCBuildConfiguration;
			buildSettings = {
				ASSETCATALOG_COMPILER_APPICON_NAME = AppIcon;
				ASSETCATALOG_COMPILER_GLOBAL_ACCENT_COLOR_NAME = AccentColor;
				CODE_SIGN_STYLE = Automatic;
				CURRENT_PROJECT_VERSION = 1;
				GENERATE_INFOPLIST_FILE = YES;
				INFOPLIST_FILE = iOSTeckTalk/Info.plist;
				INFOPLIST_KEY_UIApplicationSupportsIndirectInputEvents = YES;
				INFOPLIST_KEY_UILaunchStoryboardName = LaunchScreen;
				INFOPLIST_KEY_UISupportedInterfaceOrientations_iPad = "UIInterfaceOrientationPortrait UIInterfaceOrientationPortraitUpsideDown UIInterfaceOrientationLandscapeLeft UIInterfaceOrientationLandscapeRight";
				INFOPLIST_KEY_UISupportedInterfaceOrientations_iPhone = "UIInterfaceOrientationPortrait UIInterfaceOrientationLandscapeLeft UIInterfaceOrientationLandscapeRight";
				LD_RUNPATH_SEARCH_PATHS = (
					"$(inherited)",
					"@executable_path/Frameworks",
				);
				MARKETING_VERSION = 1.0;
				PRODUCT_BUNDLE_IDENTIFIER = com.iOSTeckTalk;
				PRODUCT_NAME = "$(TARGET_NAME)";
				SWIFT_EMIT_LOC_STRINGS = YES;
				SWIFT_VERSION = 5.0;
				TARGETED_DEVICE_FAMILY = "1,2";
			};
			name = Debug;
		};
		138365262AE2F4D200C5CE8C /* Release */ = {
			isa = XCBuildConfiguration;
			buildSettings = {
				ASSETCATALOG_COMPILER_APPICON_NAME = AppIcon;
				ASSETCATALOG_COMPILER_GLOBAL_ACCENT_COLOR_NAME = AccentColor;
				CODE_SIGN_STYLE = Automatic;
				CURRENT_PROJECT_VERSION = 1;
				GENERATE_INFOPLIST_FILE = YES;
				INFOPLIST_FILE = iOSTeckTalk/Info.plist;
				INFOPLIST_KEY_UIApplicationSupportsIndirectInputEvents = YES;
				INFOPLIST_KEY_UILaunchStoryboardName = LaunchScreen;
				INFOPLIST_KEY_UISupportedInterfaceOrientations_iPad = "UIInterfaceOrientationPortrait UIInterfaceOrientationPortraitUpsideDown UIInterfaceOrientationLandscapeLeft UIInterfaceOrientationLandscapeRight";
				INFOPLIST_KEY_UISupportedInterfaceOrientations_iPhone = "UIInterfaceOrientationPortrait UIInterfaceOrientationLandscapeLeft UIInterfaceOrientationLandscapeRight";
				LD_RUNPATH_SEARCH_PATHS = (
					"$(inherited)",
					"@executable_path/Frameworks",
				);
				MARKETING_VERSION = 1.0;
				PRODUCT_BUNDLE_IDENTIFIER = com.iOSTeckTalk;
				PRODUCT_NAME = "$(TARGET_NAME)";
				SWIFT_EMIT_LOC_STRINGS = YES;
				SWIFT_VERSION = 5.0;
				TARGETED_DEVICE_FAMILY = "1,2";
			};
			name = Release;
		};
/* End XCBuildConfiguration section */

/* Begin XCConfigurationList section */
		1383650B2AE2F4D200C5CE8C /* Build configuration list for PBXProject "iOSTeckTalk" */ = {
			isa = XCConfigurationList;
			buildConfigurations = (
				138365222AE2F4D200C5CE8C /* Debug */,
				138365232AE2F4D200C5CE8C /* Release */,
			);
			defaultConfigurationIsVisible = 0;
			defaultConfigurationName = Release;
		};
		138365242AE2F4D200C5CE8C /* Build configuration list for PBXNativeTarget "iOSTeckTalk" */ = {
			isa = XCConfigurationList;
			buildConfigurations = (
				138365252AE2F4D200C5CE8C /* Debug */,
				138365262AE2F4D200C5CE8C /* Release */,
			);
			defaultConfigurationIsVisible = 0;
			defaultConfigurationName = Release;
		};
/* End XCConfigurationList section */
	};
	rootObject = 138365082AE2F4D200C5CE8C /* Project object */;
}
